
Microsoft Visual Studio Solution File, Format Version 12.00
# Visual Studio Version 16
VisualStudioVersion = 16.0.30320.27
MinimumVisualStudioVersion = 10.0.40219.1
Project("{FAE04EC0-301F-11D3-BF4B-00C04F79EFBC}") = "WebApplication1", "WebApplication1\WebApplication1.csproj", "{12473283-8186-444E-B1BD-DC0F03089D84}"
EndProject
Project("{FAE04EC0-301F-11D3-BF4B-00C04F79EFBC}") = "WebApplication4", "WebApplication4\WebApplication4.csproj", "{1C34D0FF-3717-48B6-A4C3-ABF3E87D957A}"
EndProject
Global
	GlobalSection(SolutionConfigurationPlatforms) = preSolution
		Debug|Any CPU = Debug|Any CPU
		Release|Any CPU = Release|Any CPU
	EndGlobalSection
	GlobalSection(ProjectConfigurationPlatforms) = postSolution
		{12473283-8186-444E-B1BD-DC0F03089D84}.Debug|Any CPU.ActiveCfg = Debug|Any CPU
		{12473283-8186-444E-B1BD-DC0F03089D84}.Debug|Any CPU.Build.0 = Debug|Any CPU
		{12473283-8186-444E-B1BD-DC0F03089D84}.Release|Any CPU.ActiveCfg = Release|Any CPU
		{12473283-8186-444E-B1BD-DC0F03089D84}.Release|Any CPU.Build.0 = Release|Any CPU
		{1C34D0FF-3717-48B6-A4C3-ABF3E87D957A}.Debug|Any CPU.ActiveCfg = Debug|Any CPU
		{1C34D0FF-3717-48B6-A4C3-ABF3E87D957A}.Debug|Any CPU.Build.0 = Debug|Any CPU
		{1C34D0FF-3717-48B6-A4C3-ABF3E87D957A}.Release|Any CPU.ActiveCfg = Release|Any CPU
		{1C34D0FF-3717-48B6-A4C3-ABF3E87D957A}.Release|Any CPU.Build.0 = Release|Any CPU
	EndGlobalSection
	GlobalSection(SolutionProperties) = preSolution
		HideSolutionNode = FALSE
	EndGlobalSection
	GlobalSection(ExtensibilityGlobals) = postSolution
		SolutionGuid = {70CC91C6-6BCF-4E6C-98E5-6FCC02AFC52E}
	EndGlobalSection
EndGlobal
